// !$*UTF8*$!
{
	archiveVersion = 1;
	classes = {
	};
	objectVersion = 77;
	objects = {

/* Begin PBXBuildFile section */
		FB1261812ED46860006914FE /* EOMT_2.mlpackage in Sources */ = {isa = PBXBuildFile; fileRef = FB1261802ED46860006914FE /* EOMT_2.mlpackage */; };
/* End PBXBuildFile section */

/* Begin PBXContainerItemProxy section */
		FB12614E2ECB084E006914FE /* PBXContainerItemProxy */ = {
			isa = PBXContainerItemProxy;
			containerPortal = FB1261352ECB0845006914FE /* Project object */;
			proxyType = 1;
			remoteGlobalIDString = FB12613C2ECB0845006914FE;
			remoteInfo = eomt_secondtry;
		};
		FB1261582ECB084E006914FE /* PBXContainerItemProxy */ = {
			isa = PBXContainerItemProxy;
			containerPortal = FB1261352ECB0845006914FE /* Project object */;
			proxyType = 1;
			remoteGlobalIDString = FB12613C2ECB0845006914FE;
			remoteInfo = eomt_secondtry;
		};
/* End PBXContainerItemProxy section */

/* Begin PBXFileReference section */
		FB12613D2ECB0845006914FE /* eomt_secondtry.app */ = {isa = PBXFileReference; explicitFileType = wrapper.application; includeInIndex = 0; path = eomt_secondtry.app; sourceTree = BUILT_PRODUCTS_DIR; };
		FB12614D2ECB084E006914FE /* eomt_secondtryTests.xctest */ = {isa = PBXFileReference; explicitFileType = wrapper.cfbundle; includeInIndex = 0; path = eomt_secondtryTests.xctest; sourceTree = BUILT_PRODUCTS_DIR; };
		FB1261572ECB084E006914FE /* eomt_secondtryUITests.xctest */ = {isa = PBXFileReference; explicitFileType = wrapper.cfbundle; includeInIndex = 0; path = eomt_secondtryUITests.xctest; sourceTree = BUILT_PRODUCTS_DIR; };
		FB1261802ED46860006914FE /* EOMT_2.mlpackage */ = {isa = PBXFileReference; lastKnownFileType = folder.mlpackage; path = EOMT_2.mlpackage; sourceTree = "<group>"; };
/* End PBXFileReference section */

/* Begin PBXFileSystemSynchronizedRootGroup section */
		FB12613F2ECB0845006914FE /* eomt_secondtry */ = {
			isa = PBXFileSystemSynchronizedRootGroup;
			path = eomt_secondtry;
			sourceTree = "<group>";
		};
		FB1261502ECB084E006914FE /* eomt_secondtryTests */ = {
			isa = PBXFileSystemSynchronizedRootGroup;
			path = eomt_secondtryTests;
			sourceTree = "<group>";
		};
		FB12615A2ECB084E006914FE /* eomt_secondtryUITests */ = {
			isa = PBXFileSystemSynchronizedRootGroup;
			path = eomt_secondtryUITests;
			sourceTree = "<group>";
		};
/* End PBXFileSystemSynchronizedRootGroup section */

/* Begin PBXFrameworksBuildPhase section */
		FB12613A2ECB0845006914FE /* Frameworks */ = {
			isa = PBXFrameworksBuildPhase;
			buildActionMask = 2147483647;
			files = (
			);
			runOnlyForDeploymentPostprocessing = 0;
		};
		FB12614A2ECB084E006914FE /* Frameworks */ = {
			isa = PBXFrameworksBuildPhase;
			buildActionMask = 2147483647;
			files = (
			);
			runOnlyForDeploymentPostprocessing = 0;
		};
		FB1261542ECB084E006914FE /* Frameworks */ = {
			isa = PBXFrameworksBuildPhase;
			buildActionMask = 2147483647;
			files = (
			);
			runOnlyForDeploymentPostprocessing = 0;
		};
/* End PBXFrameworksBuildPhase section */

/* Begin PBXGroup section */
		FB1261342ECB0845006914FE = {
			isa = PBXGroup;
			children = (
				FB12613F2ECB0845006914FE /* eomt_secondtry */,
				FB1261502ECB084E006914FE /* eomt_secondtryTests */,
				FB12615A2ECB084E006914FE /* eomt_secondtryUITests */,
				FB12613E2ECB0845006914FE /* Products */,
				FB1261802ED46860006914FE /* EOMT_2.mlpackage */,
			);
			sourceTree = "<group>";
		};
		FB12613E2ECB0845006914FE /* Products */ = {
			isa = PBXGroup;
			children = (
				FB12613D2ECB0845006914FE /* eomt_secondtry.app */,
				FB12614D2ECB084E006914FE /* eomt_secondtryTests.xctest */,
				FB1261572ECB084E006914FE /* eomt_secondtryUITests.xctest */,
			);
			name = Products;
			sourceTree = "<group>";
		};
/* End PBXGroup section */

/* Begin PBXNativeTarget section */
		FB12613C2ECB0845006914FE /* eomt_secondtry */ = {
			isa = PBXNativeTarget;
			buildConfigurationList = FB1261612ECB084E006914FE /* Build configuration list for PBXNativeTarget "eomt_secondtry" */;
			buildPhases = (
				FB1261392ECB0845006914FE /* Sources */,
				FB12613A2ECB0845006914FE /* Frameworks */,
				FB12613B2ECB0845006914FE /* Resources */,
			);
			buildRules = (
			);
			dependencies = (
			);
			fileSystemSynchronizedGroups = (
				FB12613F2ECB0845006914FE /* eomt_secondtry */,
			);
			name = eomt_secondtry;
			packageProductDependencies = (
			);
			productName = eomt_secondtry;
			productReference = FB12613D2ECB0845006914FE /* eomt_secondtry.app */;
			productType = "com.apple.product-type.application";
		};
		FB12614C2ECB084E006914FE /* eomt_secondtryTests */ = {
			isa = PBXNativeTarget;
			buildConfigurationList = FB1261642ECB084E006914FE /* Build configuration list for PBXNativeTarget "eomt_secondtryTests" */;
			buildPhases = (
				FB1261492ECB084E006914FE /* Sources */,
				FB12614A2ECB084E006914FE /* Frameworks */,
				FB12614B2ECB084E006914FE /* Resources */,
			);
			buildRules = (
			);
			dependencies = (
				FB12614F2ECB084E006914FE /* PBXTargetDependency */,
			);
			fileSystemSynchronizedGroups = (
				FB1261502ECB084E006914FE /* eomt_secondtryTests */,
			);
			name = eomt_secondtryTests;
			packageProductDependencies = (
			);
			productName = eomt_secondtryTests;
			productReference = FB12614D2ECB084E006914FE /* eomt_secondtryTests.xctest */;
			productType = "com.apple.product-type.bundle.unit-test";
		};
		FB1261562ECB084E006914FE /* eomt_secondtryUITests */ = {
			isa = PBXNativeTarget;
			buildConfigurationList = FB1261672ECB084E006914FE /* Build configuration list for PBXNativeTarget "eomt_secondtryUITests" */;
			buildPhases = (
				FB1261532ECB084E006914FE /* Sources */,
				FB1261542ECB084E006914FE /* Frameworks */,
				FB1261552ECB084E006914FE /* Resources */,
			);
			buildRules = (
			);
			dependencies = (
				FB1261592ECB084E006914FE /* PBXTargetDependency */,
			);
			fileSystemSynchronizedGroups = (
				FB12615A2ECB084E006914FE /* eomt_secondtryUITests */,
			);
			name = eomt_secondtryUITests;
			packageProductDependencies = (
			);
			productName = eomt_secondtryUITests;
			productReference = FB1261572ECB084E006914FE /* eomt_secondtryUITests.xctest */;
			productType = "com.apple.product-type.bundle.ui-testing";
		};
/* End PBXNativeTarget section */

/* Begin PBXProject section */
		FB1261352ECB0845006914FE /* Project object */ = {
			isa = PBXProject;
			attributes = {
				BuildIndependentTargetsInParallel = 1;
				LastSwiftUpdateCheck = 1620;
				LastUpgradeCheck = 1620;
				TargetAttributes = {
					FB12613C2ECB0845006914FE = {
						CreatedOnToolsVersion = 16.2;
					};
					FB12614C2ECB084E006914FE = {
						CreatedOnToolsVersion = 16.2;
						TestTargetID = FB12613C2ECB0845006914FE;
					};
					FB1261562ECB084E006914FE = {
						CreatedOnToolsVersion = 16.2;
						TestTargetID = FB12613C2ECB0845006914FE;
					};
				};
			};
			buildConfigurationList = FB1261382ECB0845006914FE /* Build configuration list for PBXProject "eomt_secondtry" */;
			developmentRegion = en;
			hasScannedForEncodings = 0;
			knownRegions = (
				en,
				Base,
			);
			mainGroup = FB1261342ECB0845006914FE;
			minimizedProjectReferenceProxies = 1;
			preferredProjectObjectVersion = 77;
			productRefGroup = FB12613E2ECB0845006914FE /* Products */;
			projectDirPath = "";
			projectRoot = "";
			targets = (
				FB12613C2ECB0845006914FE /* eomt_secondtry */,
				FB12614C2ECB084E006914FE /* eomt_secondtryTests */,
				FB1261562ECB084E006914FE /* eomt_secondtryUITests */,
			);
		};
/* End PBXProject section */

/* Begin PBXResourcesBuildPhase section */
		FB12613B2ECB0845006914FE /* Resources */ = {
			isa = PBXResourcesBuildPhase;
			buildActionMask = 2147483647;
			files = (
			);
			runOnlyForDeploymentPostprocessing = 0;
		};
		FB12614B2ECB084E006914FE /* Resources */ = {
			isa = PBXResourcesBuildPhase;
			buildActionMask = 2147483647;
			files = (
			);
			runOnlyForDeploymentPostprocessing = 0;
		};
		FB1261552ECB084E006914FE /* Resources */ = {
			isa = PBXResourcesBuildPhase;
			buildActionMask = 2147483647;
			files = (
			);
			runOnlyForDeploymentPostprocessing = 0;
		};
/* End PBXResourcesBuildPhase section */

/* Begin PBXSourcesBuildPhase section */
		FB1261392ECB0845006914FE /* Sources */ = {
			isa = PBXSourcesBuildPhase;
			buildActionMask = 2147483647;
			files = (
				FB1261812ED46860006914FE /* EOMT_2.mlpackage in Sources */,
			);
			runOnlyForDeploymentPostprocessing = 0;
		};
		FB1261492ECB084E006914FE /* Sources */ = {
			isa = PBXSourcesBuildPhase;
			buildActionMask = 2147483647;
			files = (
			);
			runOnlyForDeploymentPostprocessing = 0;
		};
		FB1261532ECB084E006914FE /* Sources */ = {
			isa = PBXSourcesBuildPhase;
			buildActionMask = 2147483647;
			files = (
			);
			runOnlyForDeploymentPostprocessing = 0;
		};
/* End PBXSourcesBuildPhase section */

/* Begin PBXTargetDependency section */
		FB12614F2ECB084E006914FE /* PBXTargetDependency */ = {
			isa = PBXTargetDependency;
			target = FB12613C2ECB0845006914FE /* eomt_secondtry */;
			targetProxy = FB12614E2ECB084E006914FE /* PBXContainerItemProxy */;
		};
		FB1261592ECB084E006914FE /* PBXTargetDependency */ = {
			isa = PBXTargetDependency;
			target = FB12613C2ECB0845006914FE /* eomt_secondtry */;
			targetProxy = FB1261582ECB084E006914FE /* PBXContainerItemProxy */;
		};
/* End PBXTargetDependency section */

/* Begin XCBuildConfiguration section */
		FB12615F2ECB084E006914FE /* Debug */ = {
			isa = XCBuildConfiguration;
			buildSettings = {
				ALWAYS_SEARCH_USER_PATHS = NO;
				ASSETCATALOG_COMPILER_GENERATE_SWIFT_ASSET_SYMBOL_EXTENSIONS = YES;
				CLANG_ANALYZER_NONNULL = YES;
				CLANG_ANALYZER_NUMBER_OBJECT_CONVERSION = YES_AGGRESSIVE;
				CLANG_CXX_LANGUAGE_STANDARD = "gnu++20";
				CLANG_ENABLE_MODULES = YES;
				CLANG_ENABLE_OBJC_ARC = YES;
				CLANG_ENABLE_OBJC_WEAK = YES;
				CLANG_WARN_BLOCK_CAPTURE_AUTORELEASING = YES;
				CLANG_WARN_BOOL_CONVERSION = YES;
				CLANG_WARN_COMMA = YES;
				CLANG_WARN_CONSTANT_CONVERSION = YES;
				CLANG_WARN_DEPRECATED_OBJC_IMPLEMENTATIONS = YES;
				CLANG_WARN_DIRECT_OBJC_ISA_USAGE = YES_ERROR;
				CLANG_WARN_DOCUMENTATION_COMMENTS = YES;
				CLANG_WARN_EMPTY_BODY = YES;
				CLANG_WARN_ENUM_CONVERSION = YES;
				CLANG_WARN_INFINITE_RECURSION = YES;
				CLANG_WARN_INT_CONVERSION = YES;
				CLANG_WARN_NON_LITERAL_NULL_CONVERSION = YES;
				CLANG_WARN_OBJC_IMPLICIT_RETAIN_SELF = YES;
				CLANG_WARN_OBJC_LITERAL_CONVERSION = YES;
				CLANG_WARN_OBJC_ROOT_CLASS = YES_ERROR;
				CLANG_WARN_QUOTED_INCLUDE_IN_FRAMEWORK_HEADER = YES;
				CLANG_WARN_RANGE_LOOP_ANALYSIS = YES;
				CLANG_WARN_STRICT_PROTOTYPES = YES;
				CLANG_WARN_SUSPICIOUS_MOVE = YES;
				CLANG_WARN_UNGUARDED_AVAILABILITY = YES_AGGRESSIVE;
				CLANG_WARN_UNREACHABLE_CODE = YES;
				CLANG_WARN__DUPLICATE_METHOD_MATCH = YES;
				COPY_PHASE_STRIP = NO;
				DEBUG_INFORMATION_FORMAT = dwarf;
				ENABLE_STRICT_OBJC_MSGSEND = YES;
				ENABLE_TESTABILITY = YES;
				ENABLE_USER_SCRIPT_SANDBOXING = YES;
				GCC_C_LANGUAGE_STANDARD = gnu17;
				GCC_DYNAMIC_NO_PIC = NO;
				GCC_NO_COMMON_BLOCKS = YES;
				GCC_OPTIMIZATION_LEVEL = 0;
				GCC_PREPROCESSOR_DEFINITIONS = (
					"DEBUG=1",
					"$(inherited)",
				);
				GCC_WARN_64_TO_32_BIT_CONVERSION = YES;
				GCC_WARN_ABOUT_RETURN_TYPE = YES_ERROR;
				GCC_WARN_UNDECLARED_SELECTOR = YES;
				GCC_WARN_UNINITIALIZED_AUTOS = YES_AGGRESSIVE;
				GCC_WARN_UNUSED_FUNCTION = YES;
				GCC_WARN_UNUSED_VARIABLE = YES;
				IPHONEOS_DEPLOYMENT_TARGET = 18.2;
				LOCALIZATION_PREFERS_STRING_CATALOGS = YES;
				MTL_ENABLE_DEBUG_INFO = INCLUDE_SOURCE;
				MTL_FAST_MATH = YES;
				ONLY_ACTIVE_ARCH = YES;
				SDKROOT = iphoneos;
				SWIFT_ACTIVE_COMPILATION_CONDITIONS = "DEBUG $(inherited)";
				SWIFT_OPTIMIZATION_LEVEL = "-Onone";
			};
			name = Debug;
		};
		FB1261602ECB084E006914FE /* Release */ = {
			isa = XCBuildConfiguration;
			buildSettings = {
				ALWAYS_SEARCH_USER_PATHS = NO;
				ASSETCATALOG_COMPILER_GENERATE_SWIFT_ASSET_SYMBOL_EXTENSIONS = YES;
				CLANG_ANALYZER_NONNULL = YES;
				CLANG_ANALYZER_NUMBER_OBJECT_CONVERSION = YES_AGGRESSIVE;
				CLANG_CXX_LANGUAGE_STANDARD = "gnu++20";
				CLANG_ENABLE_MODULES = YES;
				CLANG_ENABLE_OBJC_ARC = YES;
				CLANG_ENABLE_OBJC_WEAK = YES;
				CLANG_WARN_BLOCK_CAPTURE_AUTORELEASING = YES;
				CLANG_WARN_BOOL_CONVERSION = YES;
				CLANG_WARN_COMMA = YES;
				CLANG_WARN_CONSTANT_CONVERSION = YES;
				CLANG_WARN_DEPRECATED_OBJC_IMPLEMENTATIONS = YES;
				CLANG_WARN_DIRECT_OBJC_ISA_USAGE = YES_ERROR;
				CLANG_WARN_DOCUMENTATION_COMMENTS = YES;
				CLANG_WARN_EMPTY_BODY = YES;
				CLANG_WARN_ENUM_CONVERSION = YES;
				CLANG_WARN_INFINITE_RECURSION = YES;
				CLANG_WARN_INT_CONVERSION = YES;
				CLANG_WARN_NON_LITERAL_NULL_CONVERSION = YES;
				CLANG_WARN_OBJC_IMPLICIT_RETAIN_SELF = YES;
				CLANG_WARN_OBJC_LITERAL_CONVERSION = YES;
				CLANG_WARN_OBJC_ROOT_CLASS = YES_ERROR;
				CLANG_WARN_QUOTED_INCLUDE_IN_FRAMEWORK_HEADER = YES;
				CLANG_WARN_RANGE_LOOP_ANALYSIS = YES;
				CLANG_WARN_STRICT_PROTOTYPES = YES;
				CLANG_WARN_SUSPICIOUS_MOVE = YES;
				CLANG_WARN_UNGUARDED_AVAILABILITY = YES_AGGRESSIVE;
				CLANG_WARN_UNREACHABLE_CODE = YES;
				CLANG_WARN__DUPLICATE_METHOD_MATCH = YES;
				COPY_PHASE_STRIP = NO;
				DEBUG_INFORMATION_FORMAT = "dwarf-with-dsym";
				ENABLE_NS_ASSERTIONS = NO;
				ENABLE_STRICT_OBJC_MSGSEND = YES;
				ENABLE_USER_SCRIPT_SANDBOXING = YES;
				GCC_C_LANGUAGE_STANDARD = gnu17;
				GCC_NO_COMMON_BLOCKS = YES;
				GCC_WARN_64_TO_32_BIT_CONVERSION = YES;
				GCC_WARN_ABOUT_RETURN_TYPE = YES_ERROR;
				GCC_WARN_UNDECLARED_SELECTOR = YES;
				GCC_WARN_UNINITIALIZED_AUTOS = YES_AGGRESSIVE;
				GCC_WARN_UNUSED_FUNCTION = YES;
				GCC_WARN_UNUSED_VARIABLE = YES;
				IPHONEOS_DEPLOYMENT_TARGET = 18.2;
				LOCALIZATION_PREFERS_STRING_CATALOGS = YES;
				MTL_ENABLE_DEBUG_INFO = NO;
				MTL_FAST_MATH = YES;
				SDKROOT = iphoneos;
				SWIFT_COMPILATION_MODE = wholemodule;
				VALIDATE_PRODUCT = YES;
			};
			name = Release;
		};
		FB1261622ECB084E006914FE /* Debug */ = {
			isa = XCBuildConfiguration;
			buildSettings = {
				ASSETCATALOG_COMPILER_APPICON_NAME = AppIcon;
				ASSETCATALOG_COMPILER_GLOBAL_ACCENT_COLOR_NAME = AccentColor;
				CODE_SIGN_STYLE = Automatic;
				CURRENT_PROJECT_VERSION = 1;
				DEVELOPMENT_ASSET_PATHS = "\"eomt_secondtry/Preview Content\"";
				DEVELOPMENT_TEAM = RWV6NRR7XK;
				ENABLE_PREVIEWS = YES;
				GENERATE_INFOPLIST_FILE = YES;
				INFOPLIST_FILE = "eomt-secondtry-Info.plist";
				INFOPLIST_KEY_LSSupportsOpeningDocumentsInPlace = YES;
				INFOPLIST_KEY_UIApplicationSceneManifest_Generation = YES;
				INFOPLIST_KEY_UIApplicationSupportsIndirectInputEvents = YES;
				INFOPLIST_KEY_UILaunchScreen_Generation = YES;
				INFOPLIST_KEY_UISupportedInterfaceOrientations_iPad = "UIInterfaceOrientationPortrait UIInterfaceOrientationPortraitUpsideDown UIInterfaceOrientationLandscapeLeft UIInterfaceOrientationLandscapeRight";
				INFOPLIST_KEY_UISupportedInterfaceOrientations_iPhone = "UIInterfaceOrientationPortrait UIInterfaceOrientationLandscapeLeft UIInterfaceOrientationLandscapeRight";
				LD_RUNPATH_SEARCH_PATHS = (
					"$(inherited)",
					"@executable_path/Frameworks",
				);
				MARKETING_VERSION = 1.0;
				PRODUCT_BUNDLE_IDENTIFIER = "suhyeon.eomt-secondtry";
				PRODUCT_NAME = "$(TARGET_NAME)";
				SWIFT_EMIT_LOC_STRINGS = YES;
				SWIFT_VERSION = 5.0;
				TARGETED_DEVICE_FAMILY = "1,2";
			};
			name = Debug;
		};
		FB1261632ECB084E006914FE /* Release */ = {
			isa = XCBuildConfiguration;
			buildSettings = {
				ASSETCATALOG_COMPILER_APPICON_NAME = AppIcon;
				ASSETCATALOG_COMPILER_GLOBAL_ACCENT_COLOR_NAME = AccentColor;
				CODE_SIGN_STYLE = Automatic;
				CURRENT_PROJECT_VERSION = 1;
				DEVELOPMENT_ASSET_PATHS = "\"eomt_secondtry/Preview Content\"";
				DEVELOPMENT_TEAM = RWV6NRR7XK;
				ENABLE_PREVIEWS = YES;
				GENERATE_INFOPLIST_FILE = YES;
				INFOPLIST_FILE = "eomt-secondtry-Info.plist";
				INFOPLIST_KEY_LSSupportsOpeningDocumentsInPlace = YES;
				INFOPLIST_KEY_UIApplicationSceneManifest_Generation = YES;
				INFOPLIST_KEY_UIApplicationSupportsIndirectInputEvents = YES;
				INFOPLIST_KEY_UILaunchScreen_Generation = YES;
				INFOPLIST_KEY_UISupportedInterfaceOrientations_iPad = "UIInterfaceOrientationPortrait UIInterfaceOrientationPortraitUpsideDown UIInterfaceOrientationLandscapeLeft UIInterfaceOrientationLandscapeRight";
				INFOPLIST_KEY_UISupportedInterfaceOrientations_iPhone = "UIInterfaceOrientationPortrait UIInterfaceOrientationLandscapeLeft UIInterfaceOrientationLandscapeRight";
				LD_RUNPATH_SEARCH_PATHS = (
					"$(inherited)",
					"@executable_path/Frameworks",
				);
				MARKETING_VERSION = 1.0;
				PRODUCT_BUNDLE_IDENTIFIER = "suhyeon.eomt-secondtry";
				PRODUCT_NAME = "$(TARGET_NAME)";
				SWIFT_EMIT_LOC_STRINGS = YES;
				SWIFT_VERSION = 5.0;
				TARGETED_DEVICE_FAMILY = "1,2";
			};
			name = Release;
		};
		FB1261652ECB084E006914FE /* Debug */ = {
			isa = XCBuildConfiguration;
			buildSettings = {
				BUNDLE_LOADER = "$(TEST_HOST)";
				CODE_SIGN_STYLE = Automatic;
				CURRENT_PROJECT_VERSION = 1;
				DEVELOPMENT_TEAM = RWV6NRR7XK;
				GENERATE_INFOPLIST_FILE = YES;
				IPHONEOS_DEPLOYMENT_TARGET = 18.2;
				MARKETING_VERSION = 1.0;
				PRODUCT_BUNDLE_IDENTIFIER = "suhyeon.eomt-secondtryTests";
				PRODUCT_NAME = "$(TARGET_NAME)";
				SWIFT_EMIT_LOC_STRINGS = NO;
				SWIFT_VERSION = 5.0;
				TARGETED_DEVICE_FAMILY = "1,2";
				TEST_HOST = "$(BUILT_PRODUCTS_DIR)/eomt_secondtry.app/$(BUNDLE_EXECUTABLE_FOLDER_PATH)/eomt_secondtry";
			};
			name = Debug;
		};
		FB1261662ECB084E006914FE /* Release */ = {
			isa = XCBuildConfiguration;
			buildSettings = {
				BUNDLE_LOADER = "$(TEST_HOST)";
				CODE_SIGN_STYLE = Automatic;
				CURRENT_PROJECT_VERSION = 1;
				DEVELOPMENT_TEAM = RWV6NRR7XK;
				GENERATE_INFOPLIST_FILE = YES;
				IPHONEOS_DEPLOYMENT_TARGET = 18.2;
				MARKETING_VERSION = 1.0;
				PRODUCT_BUNDLE_IDENTIFIER = "suhyeon.eomt-secondtryTests";
				PRODUCT_NAME = "$(TARGET_NAME)";
				SWIFT_EMIT_LOC_STRINGS = NO;
				SWIFT_VERSION = 5.0;
				TARGETED_DEVICE_FAMILY = "1,2";
				TEST_HOST = "$(BUILT_PRODUCTS_DIR)/eomt_secondtry.app/$(BUNDLE_EXECUTABLE_FOLDER_PATH)/eomt_secondtry";
			};
			name = Release;
		};
		FB1261682ECB084E006914FE /* Debug */ = {
			isa = XCBuildConfiguration;
			buildSettings = {
				CODE_SIGN_STYLE = Automatic;
				CURRENT_PROJECT_VERSION = 1;
				DEVELOPMENT_TEAM = RWV6NRR7XK;
				GENERATE_INFOPLIST_FILE = YES;
				MARKETING_VERSION = 1.0;
				PRODUCT_BUNDLE_IDENTIFIER = "suhyeon.eomt-secondtryUITests";
				PRODUCT_NAME = "$(TARGET_NAME)";
				SWIFT_EMIT_LOC_STRINGS = NO;
				SWIFT_VERSION = 5.0;
				TARGETED_DEVICE_FAMILY = "1,2";
				TEST_TARGET_NAME = eomt_secondtry;
			};
			name = Debug;
		};
		FB1261692ECB084E006914FE /* Release */ = {
			isa = XCBuildConfiguration;
			buildSettings = {
				CODE_SIGN_STYLE = Automatic;
				CURRENT_PROJECT_VERSION = 1;
				DEVELOPMENT_TEAM = RWV6NRR7XK;
				GENERATE_INFOPLIST_FILE = YES;
				MARKETING_VERSION = 1.0;
				PRODUCT_BUNDLE_IDENTIFIER = "suhyeon.eomt-secondtryUITests";
				PRODUCT_NAME = "$(TARGET_NAME)";
				SWIFT_EMIT_LOC_STRINGS = NO;
				SWIFT_VERSION = 5.0;
				TARGETED_DEVICE_FAMILY = "1,2";
				TEST_TARGET_NAME = eomt_secondtry;
			};
			name = Release;
		};
/* End XCBuildConfiguration section */

/* Begin XCConfigurationList section */
		FB1261382ECB0845006914FE /* Build configuration list for PBXProject "eomt_secondtry" */ = {
			isa = XCConfigurationList;
			buildConfigurations = (
				FB12615F2ECB084E006914FE /* Debug */,
				FB1261602ECB084E006914FE /* Release */,
			);
			defaultConfigurationIsVisible = 0;
			defaultConfigurationName = Release;
		};
		FB1261612ECB084E006914FE /* Build configuration list for PBXNativeTarget "eomt_secondtry" */ = {
			isa = XCConfigurationList;
			buildConfigurations = (
				FB1261622ECB084E006914FE /* Debug */,
				FB1261632ECB084E006914FE /* Release */,
			);
			defaultConfigurationIsVisible = 0;
			defaultConfigurationName = Release;
		};
		FB1261642ECB084E006914FE /* Build configuration list for PBXNativeTarget "eomt_secondtryTests" */ = {
			isa = XCConfigurationList;
			buildConfigurations = (
				FB1261652ECB084E006914FE /* Debug */,
				FB1261662ECB084E006914FE /* Release */,
			);
			defaultConfigurationIsVisible = 0;
			defaultConfigurationName = Release;
		};
		FB1261672ECB084E006914FE /* Build configuration list for PBXNativeTarget "eomt_secondtryUITests" */ = {
			isa = XCConfigurationList;
			buildConfigurations = (
				FB1261682ECB084E006914FE /* Debug */,
				FB1261692ECB084E006914FE /* Release */,
			);
			defaultConfigurationIsVisible = 0;
			defaultConfigurationName = Release;
		};
/* End XCConfigurationList section */
	};
	rootObject = FB1261352ECB0845006914FE /* Project object */;
}
